// !$*UTF8*$!
{
	archiveVersion = 1;
	classes = {
	};
	objectVersion = 50;
	objects = {

/* Begin PBXBuildFile section */
		3DC6F43A2493D8FC00612C6D /* AppDelegate.swift in Sources */ = {isa = PBXBuildFile; fileRef = 3DC6F4392493D8FC00612C6D /* AppDelegate.swift */; };
		3DC6F43C2493D8FC00612C6D /* SceneDelegate.swift in Sources */ = {isa = PBXBuildFile; fileRef = 3DC6F43B2493D8FC00612C6D /* SceneDelegate.swift */; };
		3DC6F43E2493D8FC00612C6D /* ViewController.swift in Sources */ = {isa = PBXBuildFile; fileRef = 3DC6F43D2493D8FC00612C6D /* ViewController.swift */; };
		3DC6F4412493D8FC00612C6D /* Main.storyboard in Resources */ = {isa = PBXBuildFile; fileRef = 3DC6F43F2493D8FC00612C6D /* Main.storyboard */; };
		3DC6F4442493D8FC00612C6D /* CoreDataRelationship.xcdatamodeld in Sources */ = {isa = PBXBuildFile; fileRef = 3DC6F4422493D8FC00612C6D /* CoreDataRelationship.xcdatamodeld */; };
		3DC6F4462493D8FD00612C6D /* Assets.xcassets in Resources */ = {isa = PBXBuildFile; fileRef = 3DC6F4452493D8FD00612C6D /* Assets.xcassets */; };
		3DC6F4492493D8FD00612C6D /* LaunchScreen.storyboard in Resources */ = {isa = PBXBuildFile; fileRef = 3DC6F4472493D8FD00612C6D /* LaunchScreen.storyboard */; };
/* End PBXBuildFile section */

/* Begin PBXFileReference section */
		3DC6F4362493D8FC00612C6D /* CoreDataRelationship.app */ = {isa = PBXFileReference; explicitFileType = wrapper.application; includeInIndex = 0; path = CoreDataRelationship.app; sourceTree = BUILT_PRODUCTS_DIR; };
		3DC6F4392493D8FC00612C6D /* AppDelegate.swift */ = {isa = PBXFileReference; lastKnownFileType = sourcecode.swift; path = AppDelegate.swift; sourceTree = "<group>"; };
		3DC6F43B2493D8FC00612C6D /* SceneDelegate.swift */ = {isa = PBXFileReference; lastKnownFileType = sourcecode.swift; path = SceneDelegate.swift; sourceTree = "<group>"; };
		3DC6F43D2493D8FC00612C6D /* ViewController.swift */ = {isa = PBXFileReference; lastKnownFileType = sourcecode.swift; path = ViewController.swift; sourceTree = "<group>"; };
		3DC6F4402493D8FC00612C6D /* Base */ = {isa = PBXFileReference; lastKnownFileType = file.storyboard; name = Base; path = Base.lproj/Main.storyboard; sourceTree = "<group>"; };
		3DC6F4432493D8FC00612C6D /* CoreDataRelationship.xcdatamodel */ = {isa = PBXFileReference; lastKnownFileType = wrapper.xcdatamodel; path = CoreDataRelationship.xcdatamodel; sourceTree = "<group>"; };
		3DC6F4452493D8FD00612C6D /* Assets.xcassets */ = {isa = PBXFileReference; lastKnownFileType = folder.assetcatalog; path = Assets.xcassets; sourceTree = "<group>"; };
		3DC6F4482493D8FD00612C6D /* Base */ = {isa = PBXFileReference; lastKnownFileType = file.storyboard; name = Base; path = Base.lproj/LaunchScreen.storyboard; sourceTree = "<group>"; };
		3DC6F44A2493D8FD00612C6D /* Info.plist */ = {isa = PBXFileReference; lastKnownFileType = text.plist.xml; path = Info.plist; sourceTree = "<group>"; };
/* End PBXFileReference section */

/* Begin PBXFrameworksBuildPhase section */
		3DC6F4332493D8FC00612C6D /* Frameworks */ = {
			isa = PBXFrameworksBuildPhase;
			buildActionMask = 2147483647;
			files = (
			);
			runOnlyForDeploymentPostprocessing = 0;
		};
/* End PBXFrameworksBuildPhase section */

/* Begin PBXGroup section */
		3DC6F42D2493D8FC00612C6D = {
			isa = PBXGroup;
			children = (
				3DC6F4382493D8FC00612C6D /* CoreDataRelationship */,
				3DC6F4372493D8FC00612C6D /* Products */,
			);
			sourceTree = "<group>";
		};
		3DC6F4372493D8FC00612C6D /* Products */ = {
			isa = PBXGroup;
			children = (
				3DC6F4362493D8FC00612C6D /* CoreDataRelationship.app */,
			);
			name = Products;
			sourceTree = "<group>";
		};
		3DC6F4382493D8FC00612C6D /* CoreDataRelationship */ = {
			isa = PBXGroup;
			children = (
				3DC6F4392493D8FC00612C6D /* AppDelegate.swift */,
				3DC6F43B2493D8FC00612C6D /* SceneDelegate.swift */,
				3DC6F43D2493D8FC00612C6D /* ViewController.swift */,
				3DC6F43F2493D8FC00612C6D /* Main.storyboard */,
				3DC6F4452493D8FD00612C6D /* Assets.xcassets */,
				3DC6F4472493D8FD00612C6D /* LaunchScreen.storyboard */,
				3DC6F44A2493D8FD00612C6D /* Info.plist */,
				3DC6F4422493D8FC00612C6D /* CoreDataRelationship.xcdatamodeld */,
			);
			path = CoreDataRelationship;
			sourceTree = "<group>";
		};
/* End PBXGroup section */

/* Begin PBXNativeTarget section */
		3DC6F4352493D8FC00612C6D /* CoreDataRelationship */ = {
			isa = PBXNativeTarget;
			buildConfigurationList = 3DC6F44D2493D8FD00612C6D /* Build configuration list for PBXNativeTarget "CoreDataRelationship" */;
			buildPhases = (
				3DC6F4322493D8FC00612C6D /* Sources */,
				3DC6F4332493D8FC00612C6D /* Frameworks */,
				3DC6F4342493D8FC00612C6D /* Resources */,
			);
			buildRules = (
			);
			dependencies = (
			);
			name = CoreDataRelationship;
			productName = CoreDataRelationship;
			productReference = 3DC6F4362493D8FC00612C6D /* CoreDataRelationship.app */;
			productType = "com.apple.product-type.application";
		};
/* End PBXNativeTarget section */

/* Begin PBXProject section */
		3DC6F42E2493D8FC00612C6D /* Project object */ = {
			isa = PBXProject;
			attributes = {
				LastSwiftUpdateCheck = 1150;
				LastUpgradeCheck = 1150;
				ORGANIZATIONNAME = ShawnLi;
				TargetAttributes = {
					3DC6F4352493D8FC00612C6D = {
						CreatedOnToolsVersion = 11.5;
					};
				};
			};
			buildConfigurationList = 3DC6F4312493D8FC00612C6D /* Build configuration list for PBXProject "CoreDataRelationship" */;
			compatibilityVersion = "Xcode 9.3";
			developmentRegion = en;
			hasScannedForEncodings = 0;
			knownRegions = (
				en,
				Base,
			);
			mainGroup = 3DC6F42D2493D8FC00612C6D;
			productRefGroup = 3DC6F4372493D8FC00612C6D /* Products */;
			projectDirPath = "";
			projectRoot = "";
			targets = (
				3DC6F4352493D8FC00612C6D /* CoreDataRelationship */,
			);
		};
/* End PBXProject section */

/* Begin PBXResourcesBuildPhase section */
		3DC6F4342493D8FC00612C6D /* Resources */ = {
			isa = PBXResourcesBuildPhase;
			buildActionMask = 2147483647;
			files = (
				3DC6F4492493D8FD00612C6D /* LaunchScreen.storyboard in Resources */,
				3DC6F4462493D8FD00612C6D /* Assets.xcassets in Resources */,
				3DC6F4412493D8FC00612C6D /* Main.storyboard in Resources */,
			);
			runOnlyForDeploymentPostprocessing = 0;
		};
/* End PBXResourcesBuildPhase section */

/* Begin PBXSourcesBuildPhase section */
		3DC6F4322493D8FC00612C6D /* Sources */ = {
			isa = PBXSourcesBuildPhase;
			buildActionMask = 2147483647;
			files = (
				3DC6F43E2493D8FC00612C6D /* ViewController.swift in Sources */,
				3DC6F43A2493D8FC00612C6D /* AppDelegate.swift in Sources */,
				3DC6F4442493D8FC00612C6D /* CoreDataRelationship.xcdatamodeld in Sources */,
				3DC6F43C2493D8FC00612C6D /* SceneDelegate.swift in Sources */,
			);
			runOnlyForDeploymentPostprocessing = 0;
		};
/* End PBXSourcesBuildPhase section */

/* Begin PBXVariantGroup section */
		3DC6F43F2493D8FC00612C6D /* Main.storyboard */ = {
			isa = PBXVariantGroup;
			children = (
				3DC6F4402493D8FC00612C6D /* Base */,
			);
			name = Main.storyboard;
			sourceTree = "<group>";
		};
		3DC6F4472493D8FD00612C6D /* LaunchScreen.storyboard */ = {
			isa = PBXVariantGroup;
			children = (
				3DC6F4482493D8FD00612C6D /* Base */,
			);
			name = LaunchScreen.storyboard;
			sourceTree = "<group>";
		};
/* End PBXVariantGroup section */

/* Begin XCBuildConfiguration section */
		3DC6F44B2493D8FD00612C6D /* Debug */ = {
			isa = XCBuildConfiguration;
			buildSettings = {
				ALWAYS_SEARCH_USER_PATHS = NO;
				CLANG_ANALYZER_NONNULL = YES;
				CLANG_ANALYZER_NUMBER_OBJECT_CONVERSION = YES_AGGRESSIVE;
				CLANG_CXX_LANGUAGE_STANDARD = "gnu++14";
				CLANG_CXX_LIBRARY = "libc++";
				CLANG_ENABLE_MODULES = YES;
				CLANG_ENABLE_OBJC_ARC = YES;
				CLANG_ENABLE_OBJC_WEAK = YES;
				CLANG_WARN_BLOCK_CAPTURE_AUTORELEASING = YES;
				CLANG_WARN_BOOL_CONVERSION = YES;
				CLANG_WARN_COMMA = YES;
				CLANG_WARN_CONSTANT_CONVERSION = YES;
				CLANG_WARN_DEPRECATED_OBJC_IMPLEMENTATIONS = YES;
				CLANG_WARN_DIRECT_OBJC_ISA_USAGE = YES_ERROR;
				CLANG_WARN_DOCUMENTATION_COMMENTS = YES;
				CLANG_WARN_EMPTY_BODY = YES;
				CLANG_WARN_ENUM_CONVERSION = YES;
				CLANG_WARN_INFINITE_RECURSION = YES;
				CLANG_WARN_INT_CONVERSION = YES;
				CLANG_WARN_NON_LITERAL_NULL_CONVERSION = YES;
				CLANG_WARN_OBJC_IMPLICIT_RETAIN_SELF = YES;
				CLANG_WARN_OBJC_LITERAL_CONVERSION = YES;
				CLANG_WARN_OBJC_ROOT_CLASS = YES_ERROR;
				CLANG_WARN_RANGE_LOOP_ANALYSIS = YES;
				CLANG_WARN_STRICT_PROTOTYPES = YES;
				CLANG_WARN_SUSPICIOUS_MOVE = YES;
				CLANG_WARN_UNGUARDED_AVAILABILITY = YES_AGGRESSIVE;
				CLANG_WARN_UNREACHABLE_CODE = YES;
				CLANG_WARN__DUPLICATE_METHOD_MATCH = YES;
				COPY_PHASE_STRIP = NO;
				DEBUG_INFORMATION_FORMAT = dwarf;
				ENABLE_STRICT_OBJC_MSGSEND = YES;
				ENABLE_TESTABILITY = YES;
				GCC_C_LANGUAGE_STANDARD = gnu11;
				GCC_DYNAMIC_NO_PIC = NO;
				GCC_NO_COMMON_BLOCKS = YES;
				GCC_OPTIMIZATION_LEVEL = 0;
				GCC_PREPROCESSOR_DEFINITIONS = (
					"DEBUG=1",
					"$(inherited)",
				);
				GCC_WARN_64_TO_32_BIT_CONVERSION = YES;
				GCC_WARN_ABOUT_RETURN_TYPE = YES_ERROR;
				GCC_WARN_UNDECLARED_SELECTOR = YES;
				GCC_WARN_UNINITIALIZED_AUTOS = YES_AGGRESSIVE;
				GCC_WARN_UNUSED_FUNCTION = YES;
				GCC_WARN_UNUSED_VARIABLE = YES;
				IPHONEOS_DEPLOYMENT_TARGET = 13.5;
				MTL_ENABLE_DEBUG_INFO = INCLUDE_SOURCE;
				MTL_FAST_MATH = YES;
				ONLY_ACTIVE_ARCH = YES;
				SDKROOT = iphoneos;
				SWIFT_ACTIVE_COMPILATION_CONDITIONS = DEBUG;
				SWIFT_OPTIMIZATION_LEVEL = "-Onone";
			};
			name = Debug;
		};
		3DC6F44C2493D8FD00612C6D /* Release */ = {
			isa = XCBuildConfiguration;
			buildSettings = {
				ALWAYS_SEARCH_USER_PATHS = NO;
				CLANG_ANALYZER_NONNULL = YES;
				CLANG_ANALYZER_NUMBER_OBJECT_CONVERSION = YES_AGGRESSIVE;
				CLANG_CXX_LANGUAGE_STANDARD = "gnu++14";
				CLANG_CXX_LIBRARY = "libc++";
				CLANG_ENABLE_MODULES = YES;
				CLANG_ENABLE_OBJC_ARC = YES;
				CLANG_ENABLE_OBJC_WEAK = YES;
				CLANG_WARN_BLOCK_CAPTURE_AUTORELEASING = YES;
				CLANG_WARN_BOOL_CONVERSION = YES;
				CLANG_WARN_COMMA = YES;
				CLANG_WARN_CONSTANT_CONVERSION = YES;
				CLANG_WARN_DEPRECATED_OBJC_IMPLEMENTATIONS = YES;
				CLANG_WARN_DIRECT_OBJC_ISA_USAGE = YES_ERROR;
				CLANG_WARN_DOCUMENTATION_COMMENTS = YES;
				CLANG_WARN_EMPTY_BODY = YES;
				CLANG_WARN_ENUM_CONVERSION = YES;
				CLANG_WARN_INFINITE_RECURSION = YES;
				CLANG_WARN_INT_CONVERSION = YES;
				CLANG_WARN_NON_LITERAL_NULL_CONVERSION = YES;
				CLANG_WARN_OBJC_IMPLICIT_RETAIN_SELF = YES;
				CLANG_WARN_OBJC_LITERAL_CONVERSION = YES;
				CLANG_WARN_OBJC_ROOT_CLASS = YES_ERROR;
				CLANG_WARN_RANGE_LOOP_ANALYSIS = YES;
				CLANG_WARN_STRICT_PROTOTYPES = YES;
				CLANG_WARN_SUSPICIOUS_MOVE = YES;
				CLANG_WARN_UNGUARDED_AVAILABILITY = YES_AGGRESSIVE;
				CLANG_WARN_UNREACHABLE_CODE = YES;
				CLANG_WARN__DUPLICATE_METHOD_MATCH = YES;
				COPY_PHASE_STRIP = NO;
				DEBUG_INFORMATION_FORMAT = "dwarf-with-dsym";
				ENABLE_NS_ASSERTIONS = NO;
				ENABLE_STRICT_OBJC_MSGSEND = YES;
				GCC_C_LANGUAGE_STANDARD = gnu11;
				GCC_NO_COMMON_BLOCKS = YES;
				GCC_WARN_64_TO_32_BIT_CONVERSION = YES;
				GCC_WARN_ABOUT_RETURN_TYPE = YES_ERROR;
				GCC_WARN_UNDECLARED_SELECTOR = YES;
				GCC_WARN_UNINITIALIZED_AUTOS = YES_AGGRESSIVE;
				GCC_WARN_UNUSED_FUNCTION = YES;
				GCC_WARN_UNUSED_VARIABLE = YES;
				IPHONEOS_DEPLOYMENT_TARGET = 13.5;
				MTL_ENABLE_DEBUG_INFO = NO;
				MTL_FAST_MATH = YES;
				SDKROOT = iphoneos;
				SWIFT_COMPILATION_MODE = wholemodule;
				SWIFT_OPTIMIZATION_LEVEL = "-O";
				VALIDATE_PRODUCT = YES;
			};
			name = Release;
		};
		3DC6F44E2493D8FD00612C6D /* Debug */ = {
			isa = XCBuildConfiguration;
			buildSettings = {
				ASSETCATALOG_COMPILER_APPICON_NAME = AppIcon;
				CODE_SIGN_STYLE = Automatic;
				DEVELOPMENT_TEAM = 2NAJ323R5S;
				INFOPLIST_FILE = CoreDataRelationship/Info.plist;
				LD_RUNPATH_SEARCH_PATHS = (
					"$(inherited)",
					"@executable_path/Frameworks",
				);
				PRODUCT_BUNDLE_IDENTIFIER = com.shawnli.CoreDataRelationship;
				PRODUCT_NAME = "$(TARGET_NAME)";
				SWIFT_VERSION = 5.0;
				TARGETED_DEVICE_FAMILY = "1,2";
			};
			name = Debug;
		};
		3DC6F44F2493D8FD00612C6D /* Release */ = {
			isa = XCBuildConfiguration;
			buildSettings = {
				ASSETCATALOG_COMPILER_APPICON_NAME = AppIcon;
				CODE_SIGN_STYLE = Automatic;
				DEVELOPMENT_TEAM = 2NAJ323R5S;
				INFOPLIST_FILE = CoreDataRelationship/Info.plist;
				LD_RUNPATH_SEARCH_PATHS = (
					"$(inherited)",
					"@executable_path/Frameworks",
				);
				PRODUCT_BUNDLE_IDENTIFIER = com.shawnli.CoreDataRelationship;
				PRODUCT_NAME = "$(TARGET_NAME)";
				SWIFT_VERSION = 5.0;
				TARGETED_DEVICE_FAMILY = "1,2";
			};
			name = Release;
		};
/* End XCBuildConfiguration section */

/* Begin XCConfigurationList section */
		3DC6F4312493D8FC00612C6D /* Build configuration list for PBXProject "CoreDataRelationship" */ = {
			isa = XCConfigurationList;
			buildConfigurations = (
				3DC6F44B2493D8FD00612C6D /* Debug */,
				3DC6F44C2493D8FD00612C6D /* Release */,
			);
			defaultConfigurationIsVisible = 0;
			defaultConfigurationName = Release;
		};
		3DC6F44D2493D8FD00612C6D /* Build configuration list for PBXNativeTarget "CoreDataRelationship" */ = {
			isa = XCConfigurationList;
			buildConfigurations = (
				3DC6F44E2493D8FD00612C6D /* Debug */,
				3DC6F44F2493D8FD00612C6D /* Release */,
			);
			defaultConfigurationIsVisible = 0;
			defaultConfigurationName = Release;
		};
/* End XCConfigurationList section */

/* Begin XCVersionGroup section */
		3DC6F4422493D8FC00612C6D /* CoreDataRelationship.xcdatamodeld */ = {
			isa = XCVersionGroup;
			children = (
				3DC6F4432493D8FC00612C6D /* CoreDataRelationship.xcdatamodel */,
			);
			currentVersion = 3DC6F4432493D8FC00612C6D /* CoreDataRelationship.xcdatamodel */;
			path = CoreDataRelationship.xcdatamodeld;
			sourceTree = "<group>";
			versionGroupType = wrapper.xcdatamodel;
		};
/* End XCVersionGroup section */
	};
	rootObject = 3DC6F42E2493D8FC00612C6D /* Project object */;
}
